
Microsoft Visual Studio Solution File, Format Version 12.00
# Visual Studio Version 17
VisualStudioVersion = 17.6.33815.320
MinimumVisualStudioVersion = 10.0.40219.1
Project("{FAE04EC0-301F-11D3-BF4B-00C04F79EFBC}") = "CRUD", "CRUD.csproj", "{65BD3ED1-9122-441B-A96A-1049BB38CE80}"
EndProject
Global
	GlobalSection(SolutionConfigurationPlatforms) = preSolution
		Debug|Any CPU = Debug|Any CPU
		Release|Any CPU = Release|Any CPU
	EndGlobalSection
	GlobalSection(ProjectConfigurationPlatforms) = postSolution
		{65BD3ED1-9122-441B-A96A-1049BB38CE80}.Debug|Any CPU.ActiveCfg = Debug|Any CPU
		{65BD3ED1-9122-441B-A96A-1049BB38CE80}.Debug|Any CPU.Build.0 = Debug|Any CPU
		{65BD3ED1-9122-441B-A96A-1049BB38CE80}.Release|Any CPU.ActiveCfg = Release|Any CPU
		{65BD3ED1-9122-441B-A96A-1049BB38CE80}.Release|Any CPU.Build.0 = Release|Any CPU
	EndGlobalSection
	GlobalSection(SolutionProperties) = preSolution
		HideSolutionNode = FALSE
	EndGlobalSection
	GlobalSection(ExtensibilityGlobals) = postSolution
		SolutionGuid = {95391B5A-36E1-4352-921B-F92563BD4734}
	EndGlobalSection
EndGlobal
